// !$*UTF8*$!
{
	archiveVersion = 1;
	classes = {
	};
	objectVersion = 48;
	objects = {

/* Begin PBXBuildFile section */
		0A364D3520374E6B008D0B50 /* UIButton+KWButton.m in Sources */ = {isa = PBXBuildFile; fileRef = 0A364D3420374E6B008D0B50 /* UIButton+KWButton.m */; };
		0A364D3C20375DBA008D0B50 /* KWSettingViewController.m in Sources */ = {isa = PBXBuildFile; fileRef = 0A364D3B20375DBA008D0B50 /* KWSettingViewController.m */; };
		0A4E4FFA2034820B003AA4EB /* AppDelegate.m in Sources */ = {isa = PBXBuildFile; fileRef = 0A4E4FF92034820B003AA4EB /* AppDelegate.m */; };
		0A4E4FFD2034820B003AA4EB /* ViewController.m in Sources */ = {isa = PBXBuildFile; fileRef = 0A4E4FFC2034820B003AA4EB /* ViewController.m */; };
		0A4E50002034820B003AA4EB /* Main.storyboard in Resources */ = {isa = PBXBuildFile; fileRef = 0A4E4FFE2034820B003AA4EB /* Main.storyboard */; };
		0A4E50022034820B003AA4EB /* Assets.xcassets in Resources */ = {isa = PBXBuildFile; fileRef = 0A4E50012034820B003AA4EB /* Assets.xcassets */; };
		0A4E50052034820B003AA4EB /* LaunchScreen.storyboard in Resources */ = {isa = PBXBuildFile; fileRef = 0A4E50032034820B003AA4EB /* LaunchScreen.storyboard */; };
		0A4E50082034820B003AA4EB /* main.m in Sources */ = {isa = PBXBuildFile; fileRef = 0A4E50072034820B003AA4EB /* main.m */; };
		0A4E50122034820B003AA4EB /* KWMakeXScreenshotsTests.m in Sources */ = {isa = PBXBuildFile; fileRef = 0A4E50112034820B003AA4EB /* KWMakeXScreenshotsTests.m */; };
		0A4E501D2034820B003AA4EB /* KWMakeXScreenshotsUITests.m in Sources */ = {isa = PBXBuildFile; fileRef = 0A4E501C2034820B003AA4EB /* KWMakeXScreenshotsUITests.m */; };
		0A4E503120348284003AA4EB /* KWHomeIPViewController.m in Sources */ = {isa = PBXBuildFile; fileRef = 0A4E503020348284003AA4EB /* KWHomeIPViewController.m */; };
		0A4E503520348558003AA4EB /* KWHomeViewController.m in Sources */ = {isa = PBXBuildFile; fileRef = 0A4E503320348558003AA4EB /* KWHomeViewController.m */; };
		0A4E503620348558003AA4EB /* KWHomeViewController.xib in Resources */ = {isa = PBXBuildFile; fileRef = 0A4E503420348558003AA4EB /* KWHomeViewController.xib */; };
		0A4E505B20348885003AA4EB /* UIView+KWFrame.m in Sources */ = {isa = PBXBuildFile; fileRef = 0A4E504A20348885003AA4EB /* UIView+KWFrame.m */; };
		0A4E505C20348885003AA4EB /* UIImage+KWImage.m in Sources */ = {isa = PBXBuildFile; fileRef = 0A4E504B20348885003AA4EB /* UIImage+KWImage.m */; };
		0A4E505D20348885003AA4EB /* UIImage+KWExtension.m in Sources */ = {isa = PBXBuildFile; fileRef = 0A4E504D20348885003AA4EB /* UIImage+KWExtension.m */; };
		0A4E505E20348885003AA4EB /* UIButton+KWMineButton.m in Sources */ = {isa = PBXBuildFile; fileRef = 0A4E504E20348885003AA4EB /* UIButton+KWMineButton.m */; };
		0A4E505F20348885003AA4EB /* UIBarButtonItem+KWBarButtonItem.m in Sources */ = {isa = PBXBuildFile; fileRef = 0A4E504F20348885003AA4EB /* UIBarButtonItem+KWBarButtonItem.m */; };
		0A4E506020348885003AA4EB /* Utils.m in Sources */ = {isa = PBXBuildFile; fileRef = 0A4E505020348885003AA4EB /* Utils.m */; };
		0A4E506220348885003AA4EB /* KeychainWrapper.m in Sources */ = {isa = PBXBuildFile; fileRef = 0A4E505520348885003AA4EB /* KeychainWrapper.m */; };
		0A4E506320348885003AA4EB /* NSString+KWMD5.m in Sources */ = {isa = PBXBuildFile; fileRef = 0A4E505820348885003AA4EB /* NSString+KWMD5.m */; };
		0A4E506420348885003AA4EB /* NSData+KWAES.m in Sources */ = {isa = PBXBuildFile; fileRef = 0A4E505A20348885003AA4EB /* NSData+KWAES.m */; };
		0A4E506720348A8C003AA4EB /* KWNavigationViewController.m in Sources */ = {isa = PBXBuildFile; fileRef = 0A4E506520348A8C003AA4EB /* KWNavigationViewController.m */; };
		0A71CE4E2036B5FA0024C80B /* UIImage+ColorAtPixel.m in Sources */ = {isa = PBXBuildFile; fileRef = 0A71CE4D2036B5FA0024C80B /* UIImage+ColorAtPixel.m */; };
		0A71CE512036B7500024C80B /* UIImage+KWGetNewImage.m in Sources */ = {isa = PBXBuildFile; fileRef = 0A71CE502036B7500024C80B /* UIImage+KWGetNewImage.m */; };
		340D74D6B43F495A39786F63 /* libPods-KWMakeXScreenshots.a in Frameworks */ = {isa = PBXBuildFile; fileRef = 3F00023BD55D294AD9CDEFE5 /* libPods-KWMakeXScreenshots.a */; };
		B0E97ED0CDDE0A608F43A749 /* libPods-KWMakeXScreenshotsUITests.a in Frameworks */ = {isa = PBXBuildFile; fileRef = D7F964B006092F15FC1BB43C /* libPods-KWMakeXScreenshotsUITests.a */; };
		E11F39F647F0DEFE4D1A7BA8 /* libPods-KWMakeXScreenshotsTests.a in Frameworks */ = {isa = PBXBuildFile; fileRef = F13A96A734C18E59D772ECB1 /* libPods-KWMakeXScreenshotsTests.a */; };
/* End PBXBuildFile section */

/* Begin PBXContainerItemProxy section */
		0A4E500E2034820B003AA4EB /* PBXContainerItemProxy */ = {
			isa = PBXContainerItemProxy;
			containerPortal = 0A4E4FED2034820B003AA4EB /* Project object */;
			proxyType = 1;
			remoteGlobalIDString = 0A4E4FF42034820B003AA4EB;
			remoteInfo = KWMakeXScreenshots;
		};
		0A4E50192034820B003AA4EB /* PBXContainerItemProxy */ = {
			isa = PBXContainerItemProxy;
			containerPortal = 0A4E4FED2034820B003AA4EB /* Project object */;
			proxyType = 1;
			remoteGlobalIDString = 0A4E4FF42034820B003AA4EB;
			remoteInfo = KWMakeXScreenshots;
		};
/* End PBXContainerItemProxy section */

/* Begin PBXFileReference section */
		0A364D3320374E6B008D0B50 /* UIButton+KWButton.h */ = {isa = PBXFileReference; lastKnownFileType = sourcecode.c.h; path = "UIButton+KWButton.h"; sourceTree = "<group>"; };
		0A364D3420374E6B008D0B50 /* UIButton+KWButton.m */ = {isa = PBXFileReference; lastKnownFileType = sourcecode.c.objc; path = "UIButton+KWButton.m"; sourceTree = "<group>"; };
		0A364D3A20375DBA008D0B50 /* KWSettingViewController.h */ = {isa = PBXFileReference; lastKnownFileType = sourcecode.c.h; path = KWSettingViewController.h; sourceTree = "<group>"; };
		0A364D3B20375DBA008D0B50 /* KWSettingViewController.m */ = {isa = PBXFileReference; lastKnownFileType = sourcecode.c.objc; path = KWSettingViewController.m; sourceTree = "<group>"; };
		0A4E4FF52034820B003AA4EB /* KWMakeXScreenshots.app */ = {isa = PBXFileReference; explicitFileType = wrapper.application; includeInIndex = 0; path = KWMakeXScreenshots.app; sourceTree = BUILT_PRODUCTS_DIR; };
		0A4E4FF82034820B003AA4EB /* AppDelegate.h */ = {isa = PBXFileReference; lastKnownFileType = sourcecode.c.h; path = AppDelegate.h; sourceTree = "<group>"; };
		0A4E4FF92034820B003AA4EB /* AppDelegate.m */ = {isa = PBXFileReference; lastKnownFileType = sourcecode.c.objc; path = AppDelegate.m; sourceTree = "<group>"; };
		0A4E4FFB2034820B003AA4EB /* ViewController.h */ = {isa = PBXFileReference; lastKnownFileType = sourcecode.c.h; path = ViewController.h; sourceTree = "<group>"; };
		0A4E4FFC2034820B003AA4EB /* ViewController.m */ = {isa = PBXFileReference; lastKnownFileType = sourcecode.c.objc; path = ViewController.m; sourceTree = "<group>"; };
		0A4E4FFF2034820B003AA4EB /* Base */ = {isa = PBXFileReference; lastKnownFileType = file.storyboard; name = Base; path = Base.lproj/Main.storyboard; sourceTree = "<group>"; };
		0A4E50012034820B003AA4EB /* Assets.xcassets */ = {isa = PBXFileReference; lastKnownFileType = folder.assetcatalog; path = Assets.xcassets; sourceTree = "<group>"; };
		0A4E50042034820B003AA4EB /* Base */ = {isa = PBXFileReference; lastKnownFileType = file.storyboard; name = Base; path = Base.lproj/LaunchScreen.storyboard; sourceTree = "<group>"; };
		0A4E50062034820B003AA4EB /* Info.plist */ = {isa = PBXFileReference; lastKnownFileType = text.plist.xml; path = Info.plist; sourceTree = "<group>"; };
		0A4E50072034820B003AA4EB /* main.m */ = {isa = PBXFileReference; lastKnownFileType = sourcecode.c.objc; path = main.m; sourceTree = "<group>"; };
		0A4E500D2034820B003AA4EB /* KWMakeXScreenshotsTests.xctest */ = {isa = PBXFileReference; explicitFileType = wrapper.cfbundle; includeInIndex = 0; path = KWMakeXScreenshotsTests.xctest; sourceTree = BUILT_PRODUCTS_DIR; };
		0A4E50112034820B003AA4EB /* KWMakeXScreenshotsTests.m */ = {isa = PBXFileReference; lastKnownFileType = sourcecode.c.objc; path = KWMakeXScreenshotsTests.m; sourceTree = "<group>"; };
		0A4E50132034820B003AA4EB /* Info.plist */ = {isa = PBXFileReference; lastKnownFileType = text.plist.xml; path = Info.plist; sourceTree = "<group>"; };
		0A4E50182034820B003AA4EB /* KWMakeXScreenshotsUITests.xctest */ = {isa = PBXFileReference; explicitFileType = wrapper.cfbundle; includeInIndex = 0; path = KWMakeXScreenshotsUITests.xctest; sourceTree = BUILT_PRODUCTS_DIR; };
		0A4E501C2034820B003AA4EB /* KWMakeXScreenshotsUITests.m */ = {isa = PBXFileReference; lastKnownFileType = sourcecode.c.objc; path = KWMakeXScreenshotsUITests.m; sourceTree = "<group>"; };
		0A4E501E2034820B003AA4EB /* Info.plist */ = {isa = PBXFileReference; lastKnownFileType = text.plist.xml; path = Info.plist; sourceTree = "<group>"; };
		0A4E502F20348284003AA4EB /* KWHomeIPViewController.h */ = {isa = PBXFileReference; lastKnownFileType = sourcecode.c.h; path = KWHomeIPViewController.h; sourceTree = "<group>"; };
		0A4E503020348284003AA4EB /* KWHomeIPViewController.m */ = {isa = PBXFileReference; lastKnownFileType = sourcecode.c.objc; path = KWHomeIPViewController.m; sourceTree = "<group>"; };
		0A4E503220348558003AA4EB /* KWHomeViewController.h */ = {isa = PBXFileReference; lastKnownFileType = sourcecode.c.h; path = KWHomeViewController.h; sourceTree = "<group>"; };
		0A4E503320348558003AA4EB /* KWHomeViewController.m */ = {isa = PBXFileReference; lastKnownFileType = sourcecode.c.objc; path = KWHomeViewController.m; sourceTree = "<group>"; };
		0A4E503420348558003AA4EB /* KWHomeViewController.xib */ = {isa = PBXFileReference; lastKnownFileType = file.xib; path = KWHomeViewController.xib; sourceTree = "<group>"; };
		0A4E504620348885003AA4EB /* Utils.h */ = {isa = PBXFileReference; fileEncoding = 4; lastKnownFileType = sourcecode.c.h; path = Utils.h; sourceTree = "<group>"; };
		0A4E504720348885003AA4EB /* UIBarButtonItem+KWBarButtonItem.h */ = {isa = PBXFileReference; fileEncoding = 4; lastKnownFileType = sourcecode.c.h; path = "UIBarButtonItem+KWBarButtonItem.h"; sourceTree = "<group>"; };
		0A4E504820348885003AA4EB /* UIButton+KWMineButton.h */ = {isa = PBXFileReference; fileEncoding = 4; lastKnownFileType = sourcecode.c.h; path = "UIButton+KWMineButton.h"; sourceTree = "<group>"; };
		0A4E504920348885003AA4EB /* UIImage+KWExtension.h */ = {isa = PBXFileReference; fileEncoding = 4; lastKnownFileType = sourcecode.c.h; path = "UIImage+KWExtension.h"; sourceTree = "<group>"; };
		0A4E504A20348885003AA4EB /* UIView+KWFrame.m */ = {isa = PBXFileReference; fileEncoding = 4; lastKnownFileType = sourcecode.c.objc; path = "UIView+KWFrame.m"; sourceTree = "<group>"; };
		0A4E504B20348885003AA4EB /* UIImage+KWImage.m */ = {isa = PBXFileReference; fileEncoding = 4; lastKnownFileType = sourcecode.c.objc; path = "UIImage+KWImage.m"; sourceTree = "<group>"; };
		0A4E504D20348885003AA4EB /* UIImage+KWExtension.m */ = {isa = PBXFileReference; fileEncoding = 4; lastKnownFileType = sourcecode.c.objc; path = "UIImage+KWExtension.m"; sourceTree = "<group>"; };
		0A4E504E20348885003AA4EB /* UIButton+KWMineButton.m */ = {isa = PBXFileReference; fileEncoding = 4; lastKnownFileType = sourcecode.c.objc; path = "UIButton+KWMineButton.m"; sourceTree = "<group>"; };
		0A4E504F20348885003AA4EB /* UIBarButtonItem+KWBarButtonItem.m */ = {isa = PBXFileReference; fileEncoding = 4; lastKnownFileType = sourcecode.c.objc; path = "UIBarButtonItem+KWBarButtonItem.m"; sourceTree = "<group>"; };
		0A4E505020348885003AA4EB /* Utils.m */ = {isa = PBXFileReference; fileEncoding = 4; lastKnownFileType = sourcecode.c.objc; path = Utils.m; sourceTree = "<group>"; };
		0A4E505120348885003AA4EB /* UIView+KWFrame.h */ = {isa = PBXFileReference; fileEncoding = 4; lastKnownFileType = sourcecode.c.h; path = "UIView+KWFrame.h"; sourceTree = "<group>"; };
		0A4E505220348885003AA4EB /* UIImage+KWImage.h */ = {isa = PBXFileReference; fileEncoding = 4; lastKnownFileType = sourcecode.c.h; path = "UIImage+KWImage.h"; sourceTree = "<group>"; };
		0A4E505520348885003AA4EB /* KeychainWrapper.m */ = {isa = PBXFileReference; fileEncoding = 4; lastKnownFileType = sourcecode.c.objc; path = KeychainWrapper.m; sourceTree = "<group>"; };
		0A4E505620348885003AA4EB /* NSString+KWMD5.h */ = {isa = PBXFileReference; fileEncoding = 4; lastKnownFileType = sourcecode.c.h; path = "NSString+KWMD5.h"; sourceTree = "<group>"; };
		0A4E505720348885003AA4EB /* NSData+KWAES.h */ = {isa = PBXFileReference; fileEncoding = 4; lastKnownFileType = sourcecode.c.h; path = "NSData+KWAES.h"; sourceTree = "<group>"; };
		0A4E505820348885003AA4EB /* NSString+KWMD5.m */ = {isa = PBXFileReference; fileEncoding = 4; lastKnownFileType = sourcecode.c.objc; path = "NSString+KWMD5.m"; sourceTree = "<group>"; };
		0A4E505920348885003AA4EB /* KeychainWrapper.h */ = {isa = PBXFileReference; fileEncoding = 4; lastKnownFileType = sourcecode.c.h; path = KeychainWrapper.h; sourceTree = "<group>"; };
		0A4E505A20348885003AA4EB /* NSData+KWAES.m */ = {isa = PBXFileReference; fileEncoding = 4; lastKnownFileType = sourcecode.c.objc; path = "NSData+KWAES.m"; sourceTree = "<group>"; };
		0A4E506520348A8C003AA4EB /* KWNavigationViewController.m */ = {isa = PBXFileReference; fileEncoding = 4; lastKnownFileType = sourcecode.c.objc; path = KWNavigationViewController.m; sourceTree = "<group>"; };
		0A4E506620348A8C003AA4EB /* KWNavigationViewController.h */ = {isa = PBXFileReference; fileEncoding = 4; lastKnownFileType = sourcecode.c.h; path = KWNavigationViewController.h; sourceTree = "<group>"; };
		0A71CE4C2036B5FA0024C80B /* UIImage+ColorAtPixel.h */ = {isa = PBXFileReference; lastKnownFileType = sourcecode.c.h; path = "UIImage+ColorAtPixel.h"; sourceTree = "<group>"; };
		0A71CE4D2036B5FA0024C80B /* UIImage+ColorAtPixel.m */ = {isa = PBXFileReference; lastKnownFileType = sourcecode.c.objc; path = "UIImage+ColorAtPixel.m"; sourceTree = "<group>"; };
		0A71CE4F2036B7500024C80B /* UIImage+KWGetNewImage.h */ = {isa = PBXFileReference; lastKnownFileType = sourcecode.c.h; path = "UIImage+KWGetNewImage.h"; sourceTree = "<group>"; };
		0A71CE502036B7500024C80B /* UIImage+KWGetNewImage.m */ = {isa = PBXFileReference; lastKnownFileType = sourcecode.c.objc; path = "UIImage+KWGetNewImage.m"; sourceTree = "<group>"; };
		1041CFE75207C4EDFD7540FD /* Pods-KWMakeXScreenshots.release.xcconfig */ = {isa = PBXFileReference; includeInIndex = 1; lastKnownFileType = text.xcconfig; name = "Pods-KWMakeXScreenshots.release.xcconfig"; path = "Pods/Target Support Files/Pods-KWMakeXScreenshots/Pods-KWMakeXScreenshots.release.xcconfig"; sourceTree = "<group>"; };
		3F00023BD55D294AD9CDEFE5 /* libPods-KWMakeXScreenshots.a */ = {isa = PBXFileReference; explicitFileType = archive.ar; includeInIndex = 0; path = "libPods-KWMakeXScreenshots.a"; sourceTree = BUILT_PRODUCTS_DIR; };
		598D5DD2A446F9F8A24298D1 /* Pods-KWMakeXScreenshotsUITests.release.xcconfig */ = {isa = PBXFileReference; includeInIndex = 1; lastKnownFileType = text.xcconfig; name = "Pods-KWMakeXScreenshotsUITests.release.xcconfig"; path = "Pods/Target Support Files/Pods-KWMakeXScreenshotsUITests/Pods-KWMakeXScreenshotsUITests.release.xcconfig"; sourceTree = "<group>"; };
		5F2A061E0864EC7CAB9714F4 /* Pods-KWMakeXScreenshotsUITests.debug.xcconfig */ = {isa = PBXFileReference; includeInIndex = 1; lastKnownFileType = text.xcconfig; name = "Pods-KWMakeXScreenshotsUITests.debug.xcconfig"; path = "Pods/Target Support Files/Pods-KWMakeXScreenshotsUITests/Pods-KWMakeXScreenshotsUITests.debug.xcconfig"; sourceTree = "<group>"; };
		D5AE72D37BFE5D434FA3FB90 /* Pods-KWMakeXScreenshotsTests.debug.xcconfig */ = {isa = PBXFileReference; includeInIndex = 1; lastKnownFileType = text.xcconfig; name = "Pods-KWMakeXScreenshotsTests.debug.xcconfig"; path = "Pods/Target Support Files/Pods-KWMakeXScreenshotsTests/Pods-KWMakeXScreenshotsTests.debug.xcconfig"; sourceTree = "<group>"; };
		D7F964B006092F15FC1BB43C /* libPods-KWMakeXScreenshotsUITests.a */ = {isa = PBXFileReference; explicitFileType = archive.ar; includeInIndex = 0; path = "libPods-KWMakeXScreenshotsUITests.a"; sourceTree = BUILT_PRODUCTS_DIR; };
		F13A96A734C18E59D772ECB1 /* libPods-KWMakeXScreenshotsTests.a */ = {isa = PBXFileReference; explicitFileType = archive.ar; includeInIndex = 0; path = "libPods-KWMakeXScreenshotsTests.a"; sourceTree = BUILT_PRODUCTS_DIR; };
		F755AB8C13DD40F17023F4F7 /* Pods-KWMakeXScreenshotsTests.release.xcconfig */ = {isa = PBXFileReference; includeInIndex = 1; lastKnownFileType = text.xcconfig; name = "Pods-KWMakeXScreenshotsTests.release.xcconfig"; path = "Pods/Target Support Files/Pods-KWMakeXScreenshotsTests/Pods-KWMakeXScreenshotsTests.release.xcconfig"; sourceTree = "<group>"; };
		FE2505E596315B563B2AF18F /* Pods-KWMakeXScreenshots.debug.xcconfig */ = {isa = PBXFileReference; includeInIndex = 1; lastKnownFileType = text.xcconfig; name = "Pods-KWMakeXScreenshots.debug.xcconfig"; path = "Pods/Target Support Files/Pods-KWMakeXScreenshots/Pods-KWMakeXScreenshots.debug.xcconfig"; sourceTree = "<group>"; };
/* End PBXFileReference section */

/* Begin PBXFrameworksBuildPhase section */
		0A4E4FF22034820B003AA4EB /* Frameworks */ = {
			isa = PBXFrameworksBuildPhase;
			buildActionMask = 2147483647;
			files = (
				340D74D6B43F495A39786F63 /* libPods-KWMakeXScreenshots.a in Frameworks */,
			);
			runOnlyForDeploymentPostprocessing = 0;
		};
		0A4E500A2034820B003AA4EB /* Frameworks */ = {
			isa = PBXFrameworksBuildPhase;
			buildActionMask = 2147483647;
			files = (
				E11F39F647F0DEFE4D1A7BA8 /* libPods-KWMakeXScreenshotsTests.a in Frameworks */,
			);
			runOnlyForDeploymentPostprocessing = 0;
		};
		0A4E50152034820B003AA4EB /* Frameworks */ = {
			isa = PBXFrameworksBuildPhase;
			buildActionMask = 2147483647;
			files = (
				B0E97ED0CDDE0A608F43A749 /* libPods-KWMakeXScreenshotsUITests.a in Frameworks */,
			);
			runOnlyForDeploymentPostprocessing = 0;
		};
/* End PBXFrameworksBuildPhase section */

/* Begin PBXGroup section */
		0A364D3620375D4D008D0B50 /* Setting */ = {
			isa = PBXGroup;
			children = (
				0A364D3720375D4D008D0B50 /* Model */,
				0A364D3820375D4D008D0B50 /* View */,
				0A364D3920375D4D008D0B50 /* Control */,
			);
			path = Setting;
			sourceTree = "<group>";
		};
		0A364D3720375D4D008D0B50 /* Model */ = {
			isa = PBXGroup;
			children = (
			);
			path = Model;
			sourceTree = "<group>";
		};
		0A364D3820375D4D008D0B50 /* View */ = {
			isa = PBXGroup;
			children = (
			);
			path = View;
			sourceTree = "<group>";
		};
		0A364D3920375D4D008D0B50 /* Control */ = {
			isa = PBXGroup;
			children = (
				0A364D3A20375DBA008D0B50 /* KWSettingViewController.h */,
				0A364D3B20375DBA008D0B50 /* KWSettingViewController.m */,
			);
			path = Control;
			sourceTree = "<group>";
		};
		0A4E4FEC2034820B003AA4EB = {
			isa = PBXGroup;
			children = (
				0A4E4FF72034820B003AA4EB /* KWMakeXScreenshots */,
				0A4E50102034820B003AA4EB /* KWMakeXScreenshotsTests */,
				0A4E501B2034820B003AA4EB /* KWMakeXScreenshotsUITests */,
				0A4E4FF62034820B003AA4EB /* Products */,
				7A02F31C2AB559F5B0558EFC /* Pods */,
				0F33C9528F50AE3248182FB0 /* Frameworks */,
			);
			sourceTree = "<group>";
		};
		0A4E4FF62034820B003AA4EB /* Products */ = {
			isa = PBXGroup;
			children = (
				0A4E4FF52034820B003AA4EB /* KWMakeXScreenshots.app */,
				0A4E500D2034820B003AA4EB /* KWMakeXScreenshotsTests.xctest */,
				0A4E50182034820B003AA4EB /* KWMakeXScreenshotsUITests.xctest */,
			);
			name = Products;
			sourceTree = "<group>";
		};
		0A4E4FF72034820B003AA4EB /* KWMakeXScreenshots */ = {
			isa = PBXGroup;
			children = (
				0A4E502A20348262003AA4EB /* Class */,
				0A4E4FF82034820B003AA4EB /* AppDelegate.h */,
				0A4E4FF92034820B003AA4EB /* AppDelegate.m */,
				0A4E4FFB2034820B003AA4EB /* ViewController.h */,
				0A4E4FFC2034820B003AA4EB /* ViewController.m */,
				0A4E4FFE2034820B003AA4EB /* Main.storyboard */,
				0A4E50012034820B003AA4EB /* Assets.xcassets */,
				0A4E50032034820B003AA4EB /* LaunchScreen.storyboard */,
				0A4E50062034820B003AA4EB /* Info.plist */,
				0A4E50072034820B003AA4EB /* main.m */,
			);
			path = KWMakeXScreenshots;
			sourceTree = "<group>";
		};
		0A4E50102034820B003AA4EB /* KWMakeXScreenshotsTests */ = {
			isa = PBXGroup;
			children = (
				0A4E50112034820B003AA4EB /* KWMakeXScreenshotsTests.m */,
				0A4E50132034820B003AA4EB /* Info.plist */,
			);
			path = KWMakeXScreenshotsTests;
			sourceTree = "<group>";
		};
		0A4E501B2034820B003AA4EB /* KWMakeXScreenshotsUITests */ = {
			isa = PBXGroup;
			children = (
				0A4E501C2034820B003AA4EB /* KWMakeXScreenshotsUITests.m */,
				0A4E501E2034820B003AA4EB /* Info.plist */,
			);
			path = KWMakeXScreenshotsUITests;
			sourceTree = "<group>";
		};
		0A4E502A20348262003AA4EB /* Class */ = {
			isa = PBXGroup;
			children = (
				0A4E50372034873F003AA4EB /* Main */,
				0A4E502B20348262003AA4EB /* Home */,
				0A364D3620375D4D008D0B50 /* Setting */,
				0A4E504420348885003AA4EB /* Other */,
			);
			path = Class;
			sourceTree = "<group>";
		};
		0A4E502B20348262003AA4EB /* Home */ = {
			isa = PBXGroup;
			children = (
				0A4E502C20348262003AA4EB /* Controller */,
				0A4E502D20348262003AA4EB /* Model */,
				0A4E502E20348262003AA4EB /* View */,
			);
			path = Home;
			sourceTree = "<group>";
		};
		0A4E502C20348262003AA4EB /* Controller */ = {
			isa = PBXGroup;
			children = (
				0A4E502F20348284003AA4EB /* KWHomeIPViewController.h */,
				0A4E503020348284003AA4EB /* KWHomeIPViewController.m */,
				0A4E503220348558003AA4EB /* KWHomeViewController.h */,
				0A4E503320348558003AA4EB /* KWHomeViewController.m */,
				0A4E503420348558003AA4EB /* KWHomeViewController.xib */,
			);
			path = Controller;
			sourceTree = "<group>";
		};
		0A4E502D20348262003AA4EB /* Model */ = {
			isa = PBXGroup;
			children = (
			);
			path = Model;
			sourceTree = "<group>";
		};
		0A4E502E20348262003AA4EB /* View */ = {
			isa = PBXGroup;
			children = (
			);
			path = View;
			sourceTree = "<group>";
		};
		0A4E50372034873F003AA4EB /* Main */ = {
			isa = PBXGroup;
			children = (
				0A4E50382034873F003AA4EB /* Model */,
				0A4E50392034873F003AA4EB /* View */,
				0A4E503C2034873F003AA4EB /* Control */,
			);
			path = Main;
			sourceTree = "<group>";
		};
		0A4E50382034873F003AA4EB /* Model */ = {
			isa = PBXGroup;
			children = (
			);
			path = Model;
			sourceTree = "<group>";
		};
		0A4E50392034873F003AA4EB /* View */ = {
			isa = PBXGroup;
			children = (
			);
			path = View;
			sourceTree = "<group>";
		};
		0A4E503C2034873F003AA4EB /* Control */ = {
			isa = PBXGroup;
			children = (
				0A4E506620348A8C003AA4EB /* KWNavigationViewController.h */,
				0A4E506520348A8C003AA4EB /* KWNavigationViewController.m */,
			);
			path = Control;
			sourceTree = "<group>";
		};
		0A4E504420348885003AA4EB /* Other */ = {
			isa = PBXGroup;
			children = (
				0A4E504520348885003AA4EB /* Category */,
				0A4E505420348885003AA4EB /* EAUitl */,
			);
			path = Other;
			sourceTree = "<group>";
		};
		0A4E504520348885003AA4EB /* Category */ = {
			isa = PBXGroup;
			children = (
				0A4E504620348885003AA4EB /* Utils.h */,
				0A4E505020348885003AA4EB /* Utils.m */,
				0A4E504720348885003AA4EB /* UIBarButtonItem+KWBarButtonItem.h */,
				0A4E504F20348885003AA4EB /* UIBarButtonItem+KWBarButtonItem.m */,
				0A4E504820348885003AA4EB /* UIButton+KWMineButton.h */,
				0A4E504E20348885003AA4EB /* UIButton+KWMineButton.m */,
				0A4E504920348885003AA4EB /* UIImage+KWExtension.h */,
				0A4E504D20348885003AA4EB /* UIImage+KWExtension.m */,
				0A4E505120348885003AA4EB /* UIView+KWFrame.h */,
				0A4E504A20348885003AA4EB /* UIView+KWFrame.m */,
				0A4E505220348885003AA4EB /* UIImage+KWImage.h */,
				0A4E504B20348885003AA4EB /* UIImage+KWImage.m */,
				0A71CE4C2036B5FA0024C80B /* UIImage+ColorAtPixel.h */,
				0A71CE4D2036B5FA0024C80B /* UIImage+ColorAtPixel.m */,
				0A71CE4F2036B7500024C80B /* UIImage+KWGetNewImage.h */,
				0A71CE502036B7500024C80B /* UIImage+KWGetNewImage.m */,
				0A364D3320374E6B008D0B50 /* UIButton+KWButton.h */,
				0A364D3420374E6B008D0B50 /* UIButton+KWButton.m */,
			);
			path = Category;
			sourceTree = "<group>";
		};
		0A4E505420348885003AA4EB /* EAUitl */ = {
			isa = PBXGroup;
			children = (
				0A4E505520348885003AA4EB /* KeychainWrapper.m */,
				0A4E505620348885003AA4EB /* NSString+KWMD5.h */,
				0A4E505720348885003AA4EB /* NSData+KWAES.h */,
				0A4E505820348885003AA4EB /* NSString+KWMD5.m */,
				0A4E505920348885003AA4EB /* KeychainWrapper.h */,
				0A4E505A20348885003AA4EB /* NSData+KWAES.m */,
			);
			path = EAUitl;
			sourceTree = "<group>";
		};
		0F33C9528F50AE3248182FB0 /* Frameworks */ = {
			isa = PBXGroup;
			children = (
				3F00023BD55D294AD9CDEFE5 /* libPods-KWMakeXScreenshots.a */,
				F13A96A734C18E59D772ECB1 /* libPods-KWMakeXScreenshotsTests.a */,
				D7F964B006092F15FC1BB43C /* libPods-KWMakeXScreenshotsUITests.a */,
			);
			name = Frameworks;
			sourceTree = "<group>";
		};
		7A02F31C2AB559F5B0558EFC /* Pods */ = {
			isa = PBXGroup;
			children = (
				FE2505E596315B563B2AF18F /* Pods-KWMakeXScreenshots.debug.xcconfig */,
				1041CFE75207C4EDFD7540FD /* Pods-KWMakeXScreenshots.release.xcconfig */,
				D5AE72D37BFE5D434FA3FB90 /* Pods-KWMakeXScreenshotsTests.debug.xcconfig */,
				F755AB8C13DD40F17023F4F7 /* Pods-KWMakeXScreenshotsTests.release.xcconfig */,
				5F2A061E0864EC7CAB9714F4 /* Pods-KWMakeXScreenshotsUITests.debug.xcconfig */,
				598D5DD2A446F9F8A24298D1 /* Pods-KWMakeXScreenshotsUITests.release.xcconfig */,
			);
			name = Pods;
			sourceTree = "<group>";
		};
/* End PBXGroup section */

/* Begin PBXNativeTarget section */
		0A4E4FF42034820B003AA4EB /* KWMakeXScreenshots */ = {
			isa = PBXNativeTarget;
			buildConfigurationList = 0A4E50212034820B003AA4EB /* Build configuration list for PBXNativeTarget "KWMakeXScreenshots" */;
			buildPhases = (
				BF09F8C3A22FB4798EAF6A37 /* [CP] Check Pods Manifest.lock */,
				0A4E4FF12034820B003AA4EB /* Sources */,
				0A4E4FF22034820B003AA4EB /* Frameworks */,
				0A4E4FF32034820B003AA4EB /* Resources */,
				D4689E325797AB51D8F0EB66 /* [CP] Embed Pods Frameworks */,
				511A17CDA545CA24C75BB854 /* [CP] Copy Pods Resources */,
			);
			buildRules = (
			);
			dependencies = (
			);
			name = KWMakeXScreenshots;
			productName = KWMakeXScreenshots;
			productReference = 0A4E4FF52034820B003AA4EB /* KWMakeXScreenshots.app */;
			productType = "com.apple.product-type.application";
		};
		0A4E500C2034820B003AA4EB /* KWMakeXScreenshotsTests */ = {
			isa = PBXNativeTarget;
			buildConfigurationList = 0A4E50242034820B003AA4EB /* Build configuration list for PBXNativeTarget "KWMakeXScreenshotsTests" */;
			buildPhases = (
				840D7DCCC329F6799750D6A5 /* [CP] Check Pods Manifest.lock */,
				0A4E50092034820B003AA4EB /* Sources */,
				0A4E500A2034820B003AA4EB /* Frameworks */,
				0A4E500B2034820B003AA4EB /* Resources */,
				DFC9CE7A5ABAA553DCAF6FC9 /* [CP] Embed Pods Frameworks */,
				EAEB6A5BA1936789A62DFDE3 /* [CP] Copy Pods Resources */,
			);
			buildRules = (
			);
			dependencies = (
				0A4E500F2034820B003AA4EB /* PBXTargetDependency */,
			);
			name = KWMakeXScreenshotsTests;
			productName = KWMakeXScreenshotsTests;
			productReference = 0A4E500D2034820B003AA4EB /* KWMakeXScreenshotsTests.xctest */;
			productType = "com.apple.product-type.bundle.unit-test";
		};
		0A4E50172034820B003AA4EB /* KWMakeXScreenshotsUITests */ = {
			isa = PBXNativeTarget;
			buildConfigurationList = 0A4E50272034820B003AA4EB /* Build configuration list for PBXNativeTarget "KWMakeXScreenshotsUITests" */;
			buildPhases = (
				02E64E7A9FC9B2FA7F7AC0A8 /* [CP] Check Pods Manifest.lock */,
				0A4E50142034820B003AA4EB /* Sources */,
				0A4E50152034820B003AA4EB /* Frameworks */,
				0A4E50162034820B003AA4EB /* Resources */,
				72B3540E49D0BD54EA5AAFF9 /* [CP] Embed Pods Frameworks */,
				B0B4EEB42C0A4804ABF350AF /* [CP] Copy Pods Resources */,
			);
			buildRules = (
			);
			dependencies = (
				0A4E501A2034820B003AA4EB /* PBXTargetDependency */,
			);
			name = KWMakeXScreenshotsUITests;
			productName = KWMakeXScreenshotsUITests;
			productReference = 0A4E50182034820B003AA4EB /* KWMakeXScreenshotsUITests.xctest */;
			productType = "com.apple.product-type.bundle.ui-testing";
		};
/* End PBXNativeTarget section */

/* Begin PBXProject section */
		0A4E4FED2034820B003AA4EB /* Project object */ = {
			isa = PBXProject;
			attributes = {
				LastUpgradeCheck = 0920;
				ORGANIZATIONNAME = korwin;
				TargetAttributes = {
					0A4E4FF42034820B003AA4EB = {
						CreatedOnToolsVersion = 9.2;
						ProvisioningStyle = Automatic;
					};
					0A4E500C2034820B003AA4EB = {
						CreatedOnToolsVersion = 9.2;
						ProvisioningStyle = Automatic;
						TestTargetID = 0A4E4FF42034820B003AA4EB;
					};
					0A4E50172034820B003AA4EB = {
						CreatedOnToolsVersion = 9.2;
						ProvisioningStyle = Automatic;
						TestTargetID = 0A4E4FF42034820B003AA4EB;
					};
				};
			};
			buildConfigurationList = 0A4E4FF02034820B003AA4EB /* Build configuration list for PBXProject "KWMakeXScreenshots" */;
			compatibilityVersion = "Xcode 8.0";
			developmentRegion = en;
			hasScannedForEncodings = 0;
			knownRegions = (
				en,
				Base,
			);
			mainGroup = 0A4E4FEC2034820B003AA4EB;
			productRefGroup = 0A4E4FF62034820B003AA4EB /* Products */;
			projectDirPath = "";
			projectRoot = "";
			targets = (
				0A4E4FF42034820B003AA4EB /* KWMakeXScreenshots */,
				0A4E500C2034820B003AA4EB /* KWMakeXScreenshotsTests */,
				0A4E50172034820B003AA4EB /* KWMakeXScreenshotsUITests */,
			);
		};
/* End PBXProject section */

/* Begin PBXResourcesBuildPhase section */
		0A4E4FF32034820B003AA4EB /* Resources */ = {
			isa = PBXResourcesBuildPhase;
			buildActionMask = 2147483647;
			files = (
				0A4E50052034820B003AA4EB /* LaunchScreen.storyboard in Resources */,
				0A4E50022034820B003AA4EB /* Assets.xcassets in Resources */,
				0A4E50002034820B003AA4EB /* Main.storyboard in Resources */,
				0A4E503620348558003AA4EB /* KWHomeViewController.xib in Resources */,
			);
			runOnlyForDeploymentPostprocessing = 0;
		};
		0A4E500B2034820B003AA4EB /* Resources */ = {
			isa = PBXResourcesBuildPhase;
			buildActionMask = 2147483647;
			files = (
			);
			runOnlyForDeploymentPostprocessing = 0;
		};
		0A4E50162034820B003AA4EB /* Resources */ = {
			isa = PBXResourcesBuildPhase;
			buildActionMask = 2147483647;
			files = (
			);
			runOnlyForDeploymentPostprocessing = 0;
		};
/* End PBXResourcesBuildPhase section */

/* Begin PBXShellScriptBuildPhase section */
		02E64E7A9FC9B2FA7F7AC0A8 /* [CP] Check Pods Manifest.lock */ = {
			isa = PBXShellScriptBuildPhase;
			buildActionMask = 2147483647;
			files = (
			);
			inputPaths = (
				"${PODS_PODFILE_DIR_PATH}/Podfile.lock",
				"${PODS_ROOT}/Manifest.lock",
			);
			name = "[CP] Check Pods Manifest.lock";
			outputPaths = (
				"$(DERIVED_FILE_DIR)/Pods-KWMakeXScreenshotsUITests-checkManifestLockResult.txt",
			);
			runOnlyForDeploymentPostprocessing = 0;
			shellPath = /bin/sh;
			shellScript = "diff \"${PODS_PODFILE_DIR_PATH}/Podfile.lock\" \"${PODS_ROOT}/Manifest.lock\" > /dev/null\nif [ $? != 0 ] ; then\n    # print error to STDERR\n    echo \"error: The sandbox is not in sync with the Podfile.lock. Run 'pod install' or update your CocoaPods installation.\" >&2\n    exit 1\nfi\n# This output is used by Xcode 'outputs' to avoid re-running this script phase.\necho \"SUCCESS\" > \"${SCRIPT_OUTPUT_FILE_0}\"\n";
			showEnvVarsInLog = 0;
		};
		511A17CDA545CA24C75BB854 /* [CP] Copy Pods Resources */ = {
			isa = PBXShellScriptBuildPhase;
			buildActionMask = 2147483647;
			files = (
			);
			inputPaths = (
				"${SRCROOT}/Pods/Target Support Files/Pods-KWMakeXScreenshots/Pods-KWMakeXScreenshots-resources.sh",
				"${PODS_ROOT}/SVProgressHUD/SVProgressHUD/SVProgressHUD.bundle",
				"${PODS_ROOT}/TZImagePickerController/TZImagePickerController/TZImagePickerController/TZImagePickerController.bundle",
			);
			name = "[CP] Copy Pods Resources";
			outputPaths = (
				"${TARGET_BUILD_DIR}/${UNLOCALIZED_RESOURCES_FOLDER_PATH}",
			);
			runOnlyForDeploymentPostprocessing = 0;
			shellPath = /bin/sh;
			shellScript = "\"${SRCROOT}/Pods/Target Support Files/Pods-KWMakeXScreenshots/Pods-KWMakeXScreenshots-resources.sh\"\n";
			showEnvVarsInLog = 0;
		};
		72B3540E49D0BD54EA5AAFF9 /* [CP] Embed Pods Frameworks */ = {
			isa = PBXShellScriptBuildPhase;
			buildActionMask = 2147483647;
			files = (
			);
			inputPaths = (
			);
			name = "[CP] Embed Pods Frameworks";
			outputPaths = (
			);
			runOnlyForDeploymentPostprocessing = 0;
			shellPath = /bin/sh;
			shellScript = "\"${SRCROOT}/Pods/Target Support Files/Pods-KWMakeXScreenshotsUITests/Pods-KWMakeXScreenshotsUITests-frameworks.sh\"\n";
			showEnvVarsInLog = 0;
		};
		840D7DCCC329F6799750D6A5 /* [CP] Check Pods Manifest.lock */ = {
			isa = PBXShellScriptBuildPhase;
			buildActionMask = 2147483647;
			files = (
			);
			inputPaths = (
				"${PODS_PODFILE_DIR_PATH}/Podfile.lock",
				"${PODS_ROOT}/Manifest.lock",
			);
			name = "[CP] Check Pods Manifest.lock";
			outputPaths = (
				"$(DERIVED_FILE_DIR)/Pods-KWMakeXScreenshotsTests-checkManifestLockResult.txt",
			);
			runOnlyForDeploymentPostprocessing = 0;
			shellPath = /bin/sh;
			shellScript = "diff \"${PODS_PODFILE_DIR_PATH}/Podfile.lock\" \"${PODS_ROOT}/Manifest.lock\" > /dev/null\nif [ $? != 0 ] ; then\n    # print error to STDERR\n    echo \"error: The sandbox is not in sync with the Podfile.lock. Run 'pod install' or update your CocoaPods installation.\" >&2\n    exit 1\nfi\n# This output is used by Xcode 'outputs' to avoid re-running this script phase.\necho \"SUCCESS\" > \"${SCRIPT_OUTPUT_FILE_0}\"\n";
			showEnvVarsInLog = 0;
		};
		B0B4EEB42C0A4804ABF350AF /* [CP] Copy Pods Resources */ = {
			isa = PBXShellScriptBuildPhase;
			buildActionMask = 2147483647;
			files = (
			);
			inputPaths = (
			);
			name = "[CP] Copy Pods Resources";
			outputPaths = (
			);
			runOnlyForDeploymentPostprocessing = 0;
			shellPath = /bin/sh;
			shellScript = "\"${SRCROOT}/Pods/Target Support Files/Pods-KWMakeXScreenshotsUITests/Pods-KWMakeXScreenshotsUITests-resources.sh\"\n";
			showEnvVarsInLog = 0;
		};
		BF09F8C3A22FB4798EAF6A37 /* [CP] Check Pods Manifest.lock */ = {
			isa = PBXShellScriptBuildPhase;
			buildActionMask = 2147483647;
			files = (
			);
			inputPaths = (
				"${PODS_PODFILE_DIR_PATH}/Podfile.lock",
				"${PODS_ROOT}/Manifest.lock",
			);
			name = "[CP] Check Pods Manifest.lock";
			outputPaths = (
				"$(DERIVED_FILE_DIR)/Pods-KWMakeXScreenshots-checkManifestLockResult.txt",
			);
			runOnlyForDeploymentPostprocessing = 0;
			shellPath = /bin/sh;
			shellScript = "diff \"${PODS_PODFILE_DIR_PATH}/Podfile.lock\" \"${PODS_ROOT}/Manifest.lock\" > /dev/null\nif [ $? != 0 ] ; then\n    # print error to STDERR\n    echo \"error: The sandbox is not in sync with the Podfile.lock. Run 'pod install' or update your CocoaPods installation.\" >&2\n    exit 1\nfi\n# This output is used by Xcode 'outputs' to avoid re-running this script phase.\necho \"SUCCESS\" > \"${SCRIPT_OUTPUT_FILE_0}\"\n";
			showEnvVarsInLog = 0;
		};
		D4689E325797AB51D8F0EB66 /* [CP] Embed Pods Frameworks */ = {
			isa = PBXShellScriptBuildPhase;
			buildActionMask = 2147483647;
			files = (
			);
			inputPaths = (
			);
			name = "[CP] Embed Pods Frameworks";
			outputPaths = (
			);
			runOnlyForDeploymentPostprocessing = 0;
			shellPath = /bin/sh;
			shellScript = "\"${SRCROOT}/Pods/Target Support Files/Pods-KWMakeXScreenshots/Pods-KWMakeXScreenshots-frameworks.sh\"\n";
			showEnvVarsInLog = 0;
		};
		DFC9CE7A5ABAA553DCAF6FC9 /* [CP] Embed Pods Frameworks */ = {
			isa = PBXShellScriptBuildPhase;
			buildActionMask = 2147483647;
			files = (
			);
			inputPaths = (
			);
			name = "[CP] Embed Pods Frameworks";
			outputPaths = (
			);
			runOnlyForDeploymentPostprocessing = 0;
			shellPath = /bin/sh;
			shellScript = "\"${SRCROOT}/Pods/Target Support Files/Pods-KWMakeXScreenshotsTests/Pods-KWMakeXScreenshotsTests-frameworks.sh\"\n";
			showEnvVarsInLog = 0;
		};
		EAEB6A5BA1936789A62DFDE3 /* [CP] Copy Pods Resources */ = {
			isa = PBXShellScriptBuildPhase;
			buildActionMask = 2147483647;
			files = (
			);
			inputPaths = (
			);
			name = "[CP] Copy Pods Resources";
			outputPaths = (
			);
			runOnlyForDeploymentPostprocessing = 0;
			shellPath = /bin/sh;
			shellScript = "\"${SRCROOT}/Pods/Target Support Files/Pods-KWMakeXScreenshotsTests/Pods-KWMakeXScreenshotsTests-resources.sh\"\n";
			showEnvVarsInLog = 0;
		};
/* End PBXShellScriptBuildPhase section */

/* Begin PBXSourcesBuildPhase section */
		0A4E4FF12034820B003AA4EB /* Sources */ = {
			isa = PBXSourcesBuildPhase;
			buildActionMask = 2147483647;
			files = (
				0A4E505B20348885003AA4EB /* UIView+KWFrame.m in Sources */,
				0A4E506320348885003AA4EB /* NSString+KWMD5.m in Sources */,
				0A364D3C20375DBA008D0B50 /* KWSettingViewController.m in Sources */,
				0A4E4FFD2034820B003AA4EB /* ViewController.m in Sources */,
				0A364D3520374E6B008D0B50 /* UIButton+KWButton.m in Sources */,
				0A71CE4E2036B5FA0024C80B /* UIImage+ColorAtPixel.m in Sources */,
				0A4E505C20348885003AA4EB /* UIImage+KWImage.m in Sources */,
				0A4E506020348885003AA4EB /* Utils.m in Sources */,
				0A4E50082034820B003AA4EB /* main.m in Sources */,
				0A4E503120348284003AA4EB /* KWHomeIPViewController.m in Sources */,
				0A4E506420348885003AA4EB /* NSData+KWAES.m in Sources */,
				0A4E506220348885003AA4EB /* KeychainWrapper.m in Sources */,
				0A4E506720348A8C003AA4EB /* KWNavigationViewController.m in Sources */,
				0A4E505F20348885003AA4EB /* UIBarButtonItem+KWBarButtonItem.m in Sources */,
				0A71CE512036B7500024C80B /* UIImage+KWGetNewImage.m in Sources */,
				0A4E505D20348885003AA4EB /* UIImage+KWExtension.m in Sources */,
				0A4E4FFA2034820B003AA4EB /* AppDelegate.m in Sources */,
				0A4E503520348558003AA4EB /* KWHomeViewController.m in Sources */,
				0A4E505E20348885003AA4EB /* UIButton+KWMineButton.m in Sources */,
			);
			runOnlyForDeploymentPostprocessing = 0;
		};
		0A4E50092034820B003AA4EB /* Sources */ = {
			isa = PBXSourcesBuildPhase;
			buildActionMask = 2147483647;
			files = (
				0A4E50122034820B003AA4EB /* KWMakeXScreenshotsTests.m in Sources */,
			);
			runOnlyForDeploymentPostprocessing = 0;
		};
		0A4E50142034820B003AA4EB /* Sources */ = {
			isa = PBXSourcesBuildPhase;
			buildActionMask = 2147483647;
			files = (
				0A4E501D2034820B003AA4EB /* KWMakeXScreenshotsUITests.m in Sources */,
			);
			runOnlyForDeploymentPostprocessing = 0;
		};
/* End PBXSourcesBuildPhase section */

/* Begin PBXTargetDependency section */
		0A4E500F2034820B003AA4EB /* PBXTargetDependency */ = {
			isa = PBXTargetDependency;
			target = 0A4E4FF42034820B003AA4EB /* KWMakeXScreenshots */;
			targetProxy = 0A4E500E2034820B003AA4EB /* PBXContainerItemProxy */;
		};
		0A4E501A2034820B003AA4EB /* PBXTargetDependency */ = {
			isa = PBXTargetDependency;
			target = 0A4E4FF42034820B003AA4EB /* KWMakeXScreenshots */;
			targetProxy = 0A4E50192034820B003AA4EB /* PBXContainerItemProxy */;
		};
/* End PBXTargetDependency section */

/* Begin PBXVariantGroup section */
		0A4E4FFE2034820B003AA4EB /* Main.storyboard */ = {
			isa = PBXVariantGroup;
			children = (
				0A4E4FFF2034820B003AA4EB /* Base */,
			);
			name = Main.storyboard;
			sourceTree = "<group>";
		};
		0A4E50032034820B003AA4EB /* LaunchScreen.storyboard */ = {
			isa = PBXVariantGroup;
			children = (
				0A4E50042034820B003AA4EB /* Base */,
			);
			name = LaunchScreen.storyboard;
			sourceTree = "<group>";
		};
/* End PBXVariantGroup section */

/* Begin XCBuildConfiguration section */
		0A4E501F2034820B003AA4EB /* Debug */ = {
			isa = XCBuildConfiguration;
			buildSettings = {
				ALWAYS_SEARCH_USER_PATHS = NO;
				CLANG_ANALYZER_NONNULL = YES;
				CLANG_ANALYZER_NUMBER_OBJECT_CONVERSION = YES_AGGRESSIVE;
				CLANG_CXX_LANGUAGE_STANDARD = "gnu++14";
				CLANG_CXX_LIBRARY = "libc++";
				CLANG_ENABLE_MODULES = YES;
				CLANG_ENABLE_OBJC_ARC = YES;
				CLANG_WARN_BLOCK_CAPTURE_AUTORELEASING = YES;
				CLANG_WARN_BOOL_CONVERSION = YES;
				CLANG_WARN_COMMA = YES;
				CLANG_WARN_CONSTANT_CONVERSION = YES;
				CLANG_WARN_DIRECT_OBJC_ISA_USAGE = YES_ERROR;
				CLANG_WARN_DOCUMENTATION_COMMENTS = YES;
				CLANG_WARN_EMPTY_BODY = YES;
				CLANG_WARN_ENUM_CONVERSION = YES;
				CLANG_WARN_INFINITE_RECURSION = YES;
				CLANG_WARN_INT_CONVERSION = YES;
				CLANG_WARN_NON_LITERAL_NULL_CONVERSION = YES;
				CLANG_WARN_OBJC_LITERAL_CONVERSION = YES;
				CLANG_WARN_OBJC_ROOT_CLASS = YES_ERROR;
				CLANG_WARN_RANGE_LOOP_ANALYSIS = YES;
				CLANG_WARN_STRICT_PROTOTYPES = YES;
				CLANG_WARN_SUSPICIOUS_MOVE = YES;
				CLANG_WARN_UNGUARDED_AVAILABILITY = YES_AGGRESSIVE;
				CLANG_WARN_UNREACHABLE_CODE = YES;
				CLANG_WARN__DUPLICATE_METHOD_MATCH = YES;
				CODE_SIGN_IDENTITY = "iPhone Developer";
				COPY_PHASE_STRIP = NO;
				DEBUG_INFORMATION_FORMAT = dwarf;
				ENABLE_STRICT_OBJC_MSGSEND = YES;
				ENABLE_TESTABILITY = YES;
				GCC_C_LANGUAGE_STANDARD = gnu11;
				GCC_DYNAMIC_NO_PIC = NO;
				GCC_NO_COMMON_BLOCKS = YES;
				GCC_OPTIMIZATION_LEVEL = 0;
				GCC_PREPROCESSOR_DEFINITIONS = (
					"DEBUG=1",
					"$(inherited)",
				);
				GCC_WARN_64_TO_32_BIT_CONVERSION = YES;
				GCC_WARN_ABOUT_RETURN_TYPE = YES_ERROR;
				GCC_WARN_UNDECLARED_SELECTOR = YES;
				GCC_WARN_UNINITIALIZED_AUTOS = YES_AGGRESSIVE;
				GCC_WARN_UNUSED_FUNCTION = YES;
				GCC_WARN_UNUSED_VARIABLE = YES;
				IPHONEOS_DEPLOYMENT_TARGET = 11.2;
				MTL_ENABLE_DEBUG_INFO = YES;
				ONLY_ACTIVE_ARCH = YES;
				SDKROOT = iphoneos;
			};
			name = Debug;
		};
		0A4E50202034820B003AA4EB /* Release */ = {
			isa = XCBuildConfiguration;
			buildSettings = {
				ALWAYS_SEARCH_USER_PATHS = NO;
				CLANG_ANALYZER_NONNULL = YES;
				CLANG_ANALYZER_NUMBER_OBJECT_CONVERSION = YES_AGGRESSIVE;
				CLANG_CXX_LANGUAGE_STANDARD = "gnu++14";
				CLANG_CXX_LIBRARY = "libc++";
				CLANG_ENABLE_MODULES = YES;
				CLANG_ENABLE_OBJC_ARC = YES;
				CLANG_WARN_BLOCK_CAPTURE_AUTORELEASING = YES;
				CLANG_WARN_BOOL_CONVERSION = YES;
				CLANG_WARN_COMMA = YES;
				CLANG_WARN_CONSTANT_CONVERSION = YES;
				CLANG_WARN_DIRECT_OBJC_ISA_USAGE = YES_ERROR;
				CLANG_WARN_DOCUMENTATION_COMMENTS = YES;
				CLANG_WARN_EMPTY_BODY = YES;
				CLANG_WARN_ENUM_CONVERSION = YES;
				CLANG_WARN_INFINITE_RECURSION = YES;
				CLANG_WARN_INT_CONVERSION = YES;
				CLANG_WARN_NON_LITERAL_NULL_CONVERSION = YES;
				CLANG_WARN_OBJC_LITERAL_CONVERSION = YES;
				CLANG_WARN_OBJC_ROOT_CLASS = YES_ERROR;
				CLANG_WARN_RANGE_LOOP_ANALYSIS = YES;
				CLANG_WARN_STRICT_PROTOTYPES = YES;
				CLANG_WARN_SUSPICIOUS_MOVE = YES;
				CLANG_WARN_UNGUARDED_AVAILABILITY = YES_AGGRESSIVE;
				CLANG_WARN_UNREACHABLE_CODE = YES;
				CLANG_WARN__DUPLICATE_METHOD_MATCH = YES;
				CODE_SIGN_IDENTITY = "iPhone Developer";
				COPY_PHASE_STRIP = NO;
				DEBUG_INFORMATION_FORMAT = "dwarf-with-dsym";
				ENABLE_NS_ASSERTIONS = NO;
				ENABLE_STRICT_OBJC_MSGSEND = YES;
				GCC_C_LANGUAGE_STANDARD = gnu11;
				GCC_NO_COMMON_BLOCKS = YES;
				GCC_WARN_64_TO_32_BIT_CONVERSION = YES;
				GCC_WARN_ABOUT_RETURN_TYPE = YES_ERROR;
				GCC_WARN_UNDECLARED_SELECTOR = YES;
				GCC_WARN_UNINITIALIZED_AUTOS = YES_AGGRESSIVE;
				GCC_WARN_UNUSED_FUNCTION = YES;
				GCC_WARN_UNUSED_VARIABLE = YES;
				IPHONEOS_DEPLOYMENT_TARGET = 11.2;
				MTL_ENABLE_DEBUG_INFO = NO;
				SDKROOT = iphoneos;
				VALIDATE_PRODUCT = YES;
			};
			name = Release;
		};
		0A4E50222034820B003AA4EB /* Debug */ = {
			isa = XCBuildConfiguration;
			baseConfigurationReference = FE2505E596315B563B2AF18F /* Pods-KWMakeXScreenshots.debug.xcconfig */;
			buildSettings = {
				ASSETCATALOG_COMPILER_APPICON_NAME = AppIcon;
				CODE_SIGN_STYLE = Automatic;
				DEVELOPMENT_TEAM = 69MYRJBQQ9;
				INFOPLIST_FILE = KWMakeXScreenshots/Info.plist;
				IPHONEOS_DEPLOYMENT_TARGET = 10.0;
				LD_RUNPATH_SEARCH_PATHS = "$(inherited) @executable_path/Frameworks";
				PRODUCT_BUNDLE_IDENTIFIER = com.korwin.cn.KWMakeXScreenshots;
				PRODUCT_NAME = "$(TARGET_NAME)";
				TARGETED_DEVICE_FAMILY = "1,2";
			};
			name = Debug;
		};
		0A4E50232034820B003AA4EB /* Release */ = {
			isa = XCBuildConfiguration;
			baseConfigurationReference = 1041CFE75207C4EDFD7540FD /* Pods-KWMakeXScreenshots.release.xcconfig */;
			buildSettings = {
				ASSETCATALOG_COMPILER_APPICON_NAME = AppIcon;
				CODE_SIGN_STYLE = Automatic;
				DEVELOPMENT_TEAM = 69MYRJBQQ9;
				INFOPLIST_FILE = KWMakeXScreenshots/Info.plist;
				IPHONEOS_DEPLOYMENT_TARGET = 10.0;
				LD_RUNPATH_SEARCH_PATHS = "$(inherited) @executable_path/Frameworks";
				PRODUCT_BUNDLE_IDENTIFIER = com.korwin.cn.KWMakeXScreenshots;
				PRODUCT_NAME = "$(TARGET_NAME)";
				TARGETED_DEVICE_FAMILY = "1,2";
			};
			name = Release;
		};
		0A4E50252034820B003AA4EB /* Debug */ = {
			isa = XCBuildConfiguration;
			baseConfigurationReference = D5AE72D37BFE5D434FA3FB90 /* Pods-KWMakeXScreenshotsTests.debug.xcconfig */;
			buildSettings = {
				BUNDLE_LOADER = "$(TEST_HOST)";
				CODE_SIGN_STYLE = Automatic;
				DEVELOPMENT_TEAM = 69MYRJBQQ9;
				INFOPLIST_FILE = KWMakeXScreenshotsTests/Info.plist;
				LD_RUNPATH_SEARCH_PATHS = "$(inherited) @executable_path/Frameworks @loader_path/Frameworks";
				PRODUCT_BUNDLE_IDENTIFIER = com.korwin.cn.KWMakeXScreenshotsTests;
				PRODUCT_NAME = "$(TARGET_NAME)";
				TARGETED_DEVICE_FAMILY = "1,2";
				TEST_HOST = "$(BUILT_PRODUCTS_DIR)/KWMakeXScreenshots.app/KWMakeXScreenshots";
			};
			name = Debug;
		};
		0A4E50262034820B003AA4EB /* Release */ = {
			isa = XCBuildConfiguration;
			baseConfigurationReference = F755AB8C13DD40F17023F4F7 /* Pods-KWMakeXScreenshotsTests.release.xcconfig */;
			buildSettings = {
				BUNDLE_LOADER = "$(TEST_HOST)";
				CODE_SIGN_STYLE = Automatic;
				DEVELOPMENT_TEAM = 69MYRJBQQ9;
				INFOPLIST_FILE = KWMakeXScreenshotsTests/Info.plist;
				LD_RUNPATH_SEARCH_PATHS = "$(inherited) @executable_path/Frameworks @loader_path/Frameworks";
				PRODUCT_BUNDLE_IDENTIFIER = com.korwin.cn.KWMakeXScreenshotsTests;
				PRODUCT_NAME = "$(TARGET_NAME)";
				TARGETED_DEVICE_FAMILY = "1,2";
				TEST_HOST = "$(BUILT_PRODUCTS_DIR)/KWMakeXScreenshots.app/KWMakeXScreenshots";
			};
			name = Release;
		};
		0A4E50282034820B003AA4EB /* Debug */ = {
			isa = XCBuildConfiguration;
			baseConfigurationReference = 5F2A061E0864EC7CAB9714F4 /* Pods-KWMakeXScreenshotsUITests.debug.xcconfig */;
			buildSettings = {
				CODE_SIGN_STYLE = Automatic;
				DEVELOPMENT_TEAM = 69MYRJBQQ9;
				INFOPLIST_FILE = KWMakeXScreenshotsUITests/Info.plist;
				LD_RUNPATH_SEARCH_PATHS = "$(inherited) @executable_path/Frameworks @loader_path/Frameworks";
				PRODUCT_BUNDLE_IDENTIFIER = com.korwin.cn.KWMakeXScreenshotsUITests;
				PRODUCT_NAME = "$(TARGET_NAME)";
				TARGETED_DEVICE_FAMILY = "1,2";
				TEST_TARGET_NAME = KWMakeXScreenshots;
			};
			name = Debug;
		};
		0A4E50292034820B003AA4EB /* Release */ = {
			isa = XCBuildConfiguration;
			baseConfigurationReference = 598D5DD2A446F9F8A24298D1 /* Pods-KWMakeXScreenshotsUITests.release.xcconfig */;
			buildSettings = {
				CODE_SIGN_STYLE = Automatic;
				DEVELOPMENT_TEAM = 69MYRJBQQ9;
				INFOPLIST_FILE = KWMakeXScreenshotsUITests/Info.plist;
				LD_RUNPATH_SEARCH_PATHS = "$(inherited) @executable_path/Frameworks @loader_path/Frameworks";
				PRODUCT_BUNDLE_IDENTIFIER = com.korwin.cn.KWMakeXScreenshotsUITests;
				PRODUCT_NAME = "$(TARGET_NAME)";
				TARGETED_DEVICE_FAMILY = "1,2";
				TEST_TARGET_NAME = KWMakeXScreenshots;
			};
			name = Release;
		};
/* End XCBuildConfiguration section */

/* Begin XCConfigurationList section */
		0A4E4FF02034820B003AA4EB /* Build configuration list for PBXProject "KWMakeXScreenshots" */ = {
			isa = XCConfigurationList;
			buildConfigurations = (
				0A4E501F2034820B003AA4EB /* Debug */,
				0A4E50202034820B003AA4EB /* Release */,
			);
			defaultConfigurationIsVisible = 0;
			defaultConfigurationName = Release;
		};
		0A4E50212034820B003AA4EB /* Build configuration list for PBXNativeTarget "KWMakeXScreenshots" */ = {
			isa = XCConfigurationList;
			buildConfigurations = (
				0A4E50222034820B003AA4EB /* Debug */,
				0A4E50232034820B003AA4EB /* Release */,
			);
			defaultConfigurationIsVisible = 0;
			defaultConfigurationName = Release;
		};
		0A4E50242034820B003AA4EB /* Build configuration list for PBXNativeTarget "KWMakeXScreenshotsTests" */ = {
			isa = XCConfigurationList;
			buildConfigurations = (
				0A4E50252034820B003AA4EB /* Debug */,
				0A4E50262034820B003AA4EB /* Release */,
			);
			defaultConfigurationIsVisible = 0;
			defaultConfigurationName = Release;
		};
		0A4E50272034820B003AA4EB /* Build configuration list for PBXNativeTarget "KWMakeXScreenshotsUITests" */ = {
			isa = XCConfigurationList;
			buildConfigurations = (
				0A4E50282034820B003AA4EB /* Debug */,
				0A4E50292034820B003AA4EB /* Release */,
			);
			defaultConfigurationIsVisible = 0;
			defaultConfigurationName = Release;
		};
/* End XCConfigurationList section */
	};
	rootObject = 0A4E4FED2034820B003AA4EB /* Project object */;
}
